
Microsoft Visual Studio Solution File, Format Version 12.00
# Visual Studio Version 17
VisualStudioVersion = 17.14.36221.1
MinimumVisualStudioVersion = 10.0.40219.1
Project("{FAE04EC0-301F-11D3-BF4B-00C04F79EFBC}") = "Floodgate", "Floodgate\Floodgate.csproj", "{24737952-0986-4921-870A-43D1895932CE}"
EndProject
Project("{FAE04EC0-301F-11D3-BF4B-00C04F79EFBC}") = "FloodgatePatcher", "FloodgatePatcher\FloodgatePatcher.csproj", "{B1B65E41-CB83-4D66-A648-26C0A243C6A7}"
EndProject
Project("{FAE04EC0-301F-11D3-BF4B-00C04F79EFBC}") = "FloodgateDownpour", "FloodgateDownpour\FloodgateDownpour.csproj", "{FE7F96AB-8902-BA41-4C77-B7084A43AC96}"
EndProject
Project("{FAE04EC0-301F-11D3-BF4B-00C04F79EFBC}") = "ModPacker", "ModPacker\ModPacker.csproj", "{DC3B4DB9-9431-4FC8-AC71-D18A5F7BD8F2}"
EndProject
Global
	GlobalSection(SolutionConfigurationPlatforms) = preSolution
		Debug|Any CPU = Debug|Any CPU
		Release|Any CPU = Release|Any CPU
	EndGlobalSection
	GlobalSection(ProjectConfigurationPlatforms) = postSolution
		{24737952-0986-4921-870A-43D1895932CE}.Debug|Any CPU.ActiveCfg = Debug|Any CPU
		{24737952-0986-4921-870A-43D1895932CE}.Debug|Any CPU.Build.0 = Debug|Any CPU
		{24737952-0986-4921-870A-43D1895932CE}.Release|Any CPU.ActiveCfg = Release|Any CPU
		{24737952-0986-4921-870A-43D1895932CE}.Release|Any CPU.Build.0 = Release|Any CPU
		{B1B65E41-CB83-4D66-A648-26C0A243C6A7}.Debug|Any CPU.ActiveCfg = Debug|Any CPU
		{B1B65E41-CB83-4D66-A648-26C0A243C6A7}.Debug|Any CPU.Build.0 = Debug|Any CPU
		{B1B65E41-CB83-4D66-A648-26C0A243C6A7}.Release|Any CPU.ActiveCfg = Release|Any CPU
		{B1B65E41-CB83-4D66-A648-26C0A243C6A7}.Release|Any CPU.Build.0 = Release|Any CPU
		{FE7F96AB-8902-BA41-4C77-B7084A43AC96}.Debug|Any CPU.ActiveCfg = Debug|Any CPU
		{FE7F96AB-8902-BA41-4C77-B7084A43AC96}.Debug|Any CPU.Build.0 = Debug|Any CPU
		{FE7F96AB-8902-BA41-4C77-B7084A43AC96}.Release|Any CPU.ActiveCfg = Release|Any CPU
		{FE7F96AB-8902-BA41-4C77-B7084A43AC96}.Release|Any CPU.Build.0 = Release|Any CPU
		{DC3B4DB9-9431-4FC8-AC71-D18A5F7BD8F2}.Debug|Any CPU.ActiveCfg = Debug|Any CPU
		{DC3B4DB9-9431-4FC8-AC71-D18A5F7BD8F2}.Debug|Any CPU.Build.0 = Debug|Any CPU
		{DC3B4DB9-9431-4FC8-AC71-D18A5F7BD8F2}.Release|Any CPU.ActiveCfg = Release|Any CPU
		{DC3B4DB9-9431-4FC8-AC71-D18A5F7BD8F2}.Release|Any CPU.Build.0 = Release|Any CPU
	EndGlobalSection
	GlobalSection(SolutionProperties) = preSolution
		HideSolutionNode = FALSE
	EndGlobalSection
	GlobalSection(ExtensibilityGlobals) = postSolution
		SolutionGuid = {996389F6-FF6B-48E2-8814-CFBEF544C08F}
	EndGlobalSection
EndGlobal
